{
  "name": "lesson5",
  "version": "1.0.0",
  "lockfileVersion": 1,
  "requires": true,
  "dependencies": {
    "movies-names": {
      "version": "1.1.1",
      "resolved": "https://registry.npmjs.org/movies-names/-/movies-names-1.1.1.tgz",
      "integrity": "sha512-TT9GoxZXJp/HeapCMLO7Urbtux6ImyrAvpxnDH6mGruNCaCanC1HGcoc/z69XfTmctvOmYmR3HJNg8VlT/XSdg==",
      "requires": {
        "unique-random-array": "^2.0.0"
      }
    },
    "random-fruits-name": {
      "version": "1.9.0",
      "resolved": "https://registry.npmjs.org/random-fruits-name/-/random-fruits-name-1.9.0.tgz",
      "integrity": "sha512-PfGiEx2ML50QceEXcHvoZREjN0R8igzWaawwnW9EdgUTSNl/Zwf8wltZlKJDAUKk0p+2uLAhPIe6woE4RblrlA=="
    },
    "unique-random": {
      "version": "2.1.0",
      "resolved": "https://registry.npmjs.org/unique-random/-/unique-random-2.1.0.tgz",
      "integrity": "sha512-iQ1ZgWac3b8YxGThecQFRQiqgk6xFERRwHZIWeVVsqlbmgCRl0PY13R4mUkodNgctmg5b5odG1nyW/IbOxQTqg=="
    },
    "unique-random-array": {
      "version": "2.0.0",
      "resolved": "https://registry.npmjs.org/unique-random-array/-/unique-random-array-2.0.0.tgz",
      "integrity": "sha512-xR87O95fZ7hljw84J8r1YDXrvffPLWN513BNOP4Bv0KcgG5dyEUrHwsvP7mVAOKg4Y80uqRbpUk0GKr8il70qg==",
      "requires": {
        "unique-random": "^2.1.0"
      }
    }
  }
}
